
Microsoft Visual Studio Solution File, Format Version 12.00
# Visual Studio Version 16
VisualStudioVersion = 16.0.29001.49
MinimumVisualStudioVersion = 10.0.40219.1
Project("{2150E333-8FDC-42A3-9474-1A3956D46DE8}") = "Domain", "Domain", "{2EEDB3F4-ECDC-4B74-BBC1-E15534163F5B}"
EndProject
Project("{2150E333-8FDC-42A3-9474-1A3956D46DE8}") = "Infra.Bus", "Infra.Bus", "{27DDB214-4043-4803-B5D5-8ABF115ADD60}"
EndProject
Project("{2150E333-8FDC-42A3-9474-1A3956D46DE8}") = "Infra.IoC", "Infra.IoC", "{B3DAD70A-2CD1-44D1-9330-A88D0E6C2245}"
EndProject
Project("{2150E333-8FDC-42A3-9474-1A3956D46DE8}") = "Microservices", "Microservices", "{07D66FBC-FE96-4936-8BC1-0C0E0ACF612D}"
EndProject
Project("{2150E333-8FDC-42A3-9474-1A3956D46DE8}") = "Presentation", "Presentation", "{F35F8782-6CF5-422A-A189-2A2F6B3F53EC}"
EndProject
Project("{9A19103F-16F7-4668-BE54-9A1E7A4F7556}") = "MicroRabbit.Domain.Core", "MicroRabbit.Domain.Core\MicroRabbit.Domain.Core.csproj", "{74FDD5D1-9485-4AA6-A084-56596331A0C7}"
EndProject
Project("{9A19103F-16F7-4668-BE54-9A1E7A4F7556}") = "MicroRabbit.Infra.Bus", "MicroRabbit.Infra.Bus\MicroRabbit.Infra.Bus.csproj", "{B850D405-08B0-44B6-BB77-5325A3E259CE}"
EndProject
Project("{9A19103F-16F7-4668-BE54-9A1E7A4F7556}") = "MicroRabbit.Infra.IoC", "MicroRabbit.Infra.IoC\MicroRabbit.Infra.IoC.csproj", "{727A6FCA-07AF-4714-9D48-FE435D3E5B7C}"
EndProject
Project("{2150E333-8FDC-42A3-9474-1A3956D46DE8}") = "Banking", "Banking", "{C43085A9-A08C-4E50-AA9A-B8B0B92FE46E}"
EndProject
Project("{2150E333-8FDC-42A3-9474-1A3956D46DE8}") = "Api", "Api", "{7FF805BA-A3E5-4EBA-BFEE-8A4B681DA18E}"
EndProject
Project("{2150E333-8FDC-42A3-9474-1A3956D46DE8}") = "Domain", "Domain", "{25E0828C-4190-432B-9347-4FB34D7C132C}"
EndProject
Project("{2150E333-8FDC-42A3-9474-1A3956D46DE8}") = "Application", "Application", "{3027CCB6-52AC-47D2-B5E5-69AB25A37F41}"
EndProject
Project("{2150E333-8FDC-42A3-9474-1A3956D46DE8}") = "Data", "Data", "{D3A2DEE5-F58F-4706-A388-E1E636F791E9}"
EndProject
Project("{9A19103F-16F7-4668-BE54-9A1E7A4F7556}") = "MicroRabbit.Banking.Api", "MicroRabbit.Banking.Api\MicroRabbit.Banking.Api.csproj", "{E68512E2-FF53-4A18-9852-48E235DEFF9B}"
EndProject
Project("{9A19103F-16F7-4668-BE54-9A1E7A4F7556}") = "MicroRabbit.Banking.Application", "MicroRabbit.Banking.Application\MicroRabbit.Banking.Application.csproj", "{09774472-A77B-4F2C-829C-DF1A290105F0}"
EndProject
Project("{9A19103F-16F7-4668-BE54-9A1E7A4F7556}") = "MicroRabbit.Banking.Data", "MicroRabbit.Banking.Data\MicroRabbit.Banking.Data.csproj", "{040DE492-F6F0-4806-B991-EFD7E08F0718}"
EndProject
Project("{9A19103F-16F7-4668-BE54-9A1E7A4F7556}") = "MicroRabbit.Banking.Domain", "MicroRabbit.Banking.Domain\MicroRabbit.Banking.Domain.csproj", "{747557BF-74F2-41C6-971F-0E854A3B97CC}"
EndProject
Project("{2150E333-8FDC-42A3-9474-1A3956D46DE8}") = "UnitTests", "UnitTests", "{300DB18D-3D77-42F3-85EE-FF7BAD9B26B7}"
EndProject
Project("{FAE04EC0-301F-11D3-BF4B-00C04F79EFBC}") = "XUnitTestProject1", "XUnitTestProject1\XUnitTestProject1.csproj", "{28794E51-DD3B-41CE-B543-272A3EE2AADC}"
EndProject
Global
	GlobalSection(SolutionConfigurationPlatforms) = preSolution
		Debug|Any CPU = Debug|Any CPU
		Release|Any CPU = Release|Any CPU
	EndGlobalSection
	GlobalSection(ProjectConfigurationPlatforms) = postSolution
		{74FDD5D1-9485-4AA6-A084-56596331A0C7}.Debug|Any CPU.ActiveCfg = Debug|Any CPU
		{74FDD5D1-9485-4AA6-A084-56596331A0C7}.Debug|Any CPU.Build.0 = Debug|Any CPU
		{74FDD5D1-9485-4AA6-A084-56596331A0C7}.Release|Any CPU.ActiveCfg = Release|Any CPU
		{74FDD5D1-9485-4AA6-A084-56596331A0C7}.Release|Any CPU.Build.0 = Release|Any CPU
		{B850D405-08B0-44B6-BB77-5325A3E259CE}.Debug|Any CPU.ActiveCfg = Debug|Any CPU
		{B850D405-08B0-44B6-BB77-5325A3E259CE}.Debug|Any CPU.Build.0 = Debug|Any CPU
		{B850D405-08B0-44B6-BB77-5325A3E259CE}.Release|Any CPU.ActiveCfg = Release|Any CPU
		{B850D405-08B0-44B6-BB77-5325A3E259CE}.Release|Any CPU.Build.0 = Release|Any CPU
		{727A6FCA-07AF-4714-9D48-FE435D3E5B7C}.Debug|Any CPU.ActiveCfg = Debug|Any CPU
		{727A6FCA-07AF-4714-9D48-FE435D3E5B7C}.Debug|Any CPU.Build.0 = Debug|Any CPU
		{727A6FCA-07AF-4714-9D48-FE435D3E5B7C}.Release|Any CPU.ActiveCfg = Release|Any CPU
		{727A6FCA-07AF-4714-9D48-FE435D3E5B7C}.Release|Any CPU.Build.0 = Release|Any CPU
		{E68512E2-FF53-4A18-9852-48E235DEFF9B}.Debug|Any CPU.ActiveCfg = Debug|Any CPU
		{E68512E2-FF53-4A18-9852-48E235DEFF9B}.Debug|Any CPU.Build.0 = Debug|Any CPU
		{E68512E2-FF53-4A18-9852-48E235DEFF9B}.Release|Any CPU.ActiveCfg = Release|Any CPU
		{E68512E2-FF53-4A18-9852-48E235DEFF9B}.Release|Any CPU.Build.0 = Release|Any CPU
		{09774472-A77B-4F2C-829C-DF1A290105F0}.Debug|Any CPU.ActiveCfg = Debug|Any CPU
		{09774472-A77B-4F2C-829C-DF1A290105F0}.Debug|Any CPU.Build.0 = Debug|Any CPU
		{09774472-A77B-4F2C-829C-DF1A290105F0}.Release|Any CPU.ActiveCfg = Release|Any CPU
		{09774472-A77B-4F2C-829C-DF1A290105F0}.Release|Any CPU.Build.0 = Release|Any CPU
		{040DE492-F6F0-4806-B991-EFD7E08F0718}.Debug|Any CPU.ActiveCfg = Debug|Any CPU
		{040DE492-F6F0-4806-B991-EFD7E08F0718}.Debug|Any CPU.Build.0 = Debug|Any CPU
		{040DE492-F6F0-4806-B991-EFD7E08F0718}.Release|Any CPU.ActiveCfg = Release|Any CPU
		{040DE492-F6F0-4806-B991-EFD7E08F0718}.Release|Any CPU.Build.0 = Release|Any CPU
		{747557BF-74F2-41C6-971F-0E854A3B97CC}.Debug|Any CPU.ActiveCfg = Debug|Any CPU
		{747557BF-74F2-41C6-971F-0E854A3B97CC}.Debug|Any CPU.Build.0 = Debug|Any CPU
		{747557BF-74F2-41C6-971F-0E854A3B97CC}.Release|Any CPU.ActiveCfg = Release|Any CPU
		{747557BF-74F2-41C6-971F-0E854A3B97CC}.Release|Any CPU.Build.0 = Release|Any CPU
		{28794E51-DD3B-41CE-B543-272A3EE2AADC}.Debug|Any CPU.ActiveCfg = Debug|Any CPU
		{28794E51-DD3B-41CE-B543-272A3EE2AADC}.Debug|Any CPU.Build.0 = Debug|Any CPU
		{28794E51-DD3B-41CE-B543-272A3EE2AADC}.Release|Any CPU.ActiveCfg = Release|Any CPU
		{28794E51-DD3B-41CE-B543-272A3EE2AADC}.Release|Any CPU.Build.0 = Release|Any CPU
	EndGlobalSection
	GlobalSection(SolutionProperties) = preSolution
		HideSolutionNode = FALSE
	EndGlobalSection
	GlobalSection(NestedProjects) = preSolution
		{74FDD5D1-9485-4AA6-A084-56596331A0C7} = {2EEDB3F4-ECDC-4B74-BBC1-E15534163F5B}
		{B850D405-08B0-44B6-BB77-5325A3E259CE} = {27DDB214-4043-4803-B5D5-8ABF115ADD60}
		{727A6FCA-07AF-4714-9D48-FE435D3E5B7C} = {B3DAD70A-2CD1-44D1-9330-A88D0E6C2245}
		{C43085A9-A08C-4E50-AA9A-B8B0B92FE46E} = {07D66FBC-FE96-4936-8BC1-0C0E0ACF612D}
		{7FF805BA-A3E5-4EBA-BFEE-8A4B681DA18E} = {C43085A9-A08C-4E50-AA9A-B8B0B92FE46E}
		{25E0828C-4190-432B-9347-4FB34D7C132C} = {C43085A9-A08C-4E50-AA9A-B8B0B92FE46E}
		{3027CCB6-52AC-47D2-B5E5-69AB25A37F41} = {C43085A9-A08C-4E50-AA9A-B8B0B92FE46E}
		{D3A2DEE5-F58F-4706-A388-E1E636F791E9} = {C43085A9-A08C-4E50-AA9A-B8B0B92FE46E}
		{E68512E2-FF53-4A18-9852-48E235DEFF9B} = {7FF805BA-A3E5-4EBA-BFEE-8A4B681DA18E}
		{09774472-A77B-4F2C-829C-DF1A290105F0} = {3027CCB6-52AC-47D2-B5E5-69AB25A37F41}
		{040DE492-F6F0-4806-B991-EFD7E08F0718} = {D3A2DEE5-F58F-4706-A388-E1E636F791E9}
		{747557BF-74F2-41C6-971F-0E854A3B97CC} = {25E0828C-4190-432B-9347-4FB34D7C132C}
		{28794E51-DD3B-41CE-B543-272A3EE2AADC} = {300DB18D-3D77-42F3-85EE-FF7BAD9B26B7}
	EndGlobalSection
	GlobalSection(ExtensibilityGlobals) = postSolution
		SolutionGuid = {28056182-A4FC-4DDE-BC8A-01DE29D8C939}
	EndGlobalSection
EndGlobal
